// !$*UTF8*$!
{
	archiveVersion = 1;
	classes = {
	};
	objectVersion = 46;
	objects = {

/* Begin PBXBuildFile section */
		AF9E5AEC1A8CF53200CC9BDC /* main.m in Sources */ = {isa = PBXBuildFile; fileRef = AF9E5AEB1A8CF53200CC9BDC /* main.m */; };
		AF9E5AEF1A8CF53200CC9BDC /* AppDelegate.m in Sources */ = {isa = PBXBuildFile; fileRef = AF9E5AEE1A8CF53200CC9BDC /* AppDelegate.m */; };
		AF9E5AF21A8CF53200CC9BDC /* MasterViewController.m in Sources */ = {isa = PBXBuildFile; fileRef = AF9E5AF11A8CF53200CC9BDC /* MasterViewController.m */; };
		AF9E5AF51A8CF53200CC9BDC /* DetailViewController.m in Sources */ = {isa = PBXBuildFile; fileRef = AF9E5AF41A8CF53200CC9BDC /* DetailViewController.m */; };
		AF9E5AF81A8CF53200CC9BDC /* Main.storyboard in Resources */ = {isa = PBXBuildFile; fileRef = AF9E5AF61A8CF53200CC9BDC /* Main.storyboard */; };
		AF9E5AFA1A8CF53200CC9BDC /* Images.xcassets in Resources */ = {isa = PBXBuildFile; fileRef = AF9E5AF91A8CF53200CC9BDC /* Images.xcassets */; };
		AF9E5AFD1A8CF53200CC9BDC /* LaunchScreen.xib in Resources */ = {isa = PBXBuildFile; fileRef = AF9E5AFB1A8CF53200CC9BDC /* LaunchScreen.xib */; };
		AF9E5B091A8CF53300CC9BDC /* W5D1_MusicPlayerTests.m in Sources */ = {isa = PBXBuildFile; fileRef = AF9E5B081A8CF53300CC9BDC /* W5D1_MusicPlayerTests.m */; };
		AF9E5B131A8CF57500CC9BDC /* MediaPlayer.framework in Frameworks */ = {isa = PBXBuildFile; fileRef = AF9E5B121A8CF57500CC9BDC /* MediaPlayer.framework */; };
		AF9E5B161A8CFEE600CC9BDC /* PlayerViewController.m in Sources */ = {isa = PBXBuildFile; fileRef = AF9E5B151A8CFEE600CC9BDC /* PlayerViewController.m */; };
		AF9E5B181A8CFF3D00CC9BDC /* AVKit.framework in Frameworks */ = {isa = PBXBuildFile; fileRef = AF9E5B171A8CFF3D00CC9BDC /* AVKit.framework */; };
/* End PBXBuildFile section */

/* Begin PBXContainerItemProxy section */
		AF9E5B031A8CF53300CC9BDC /* PBXContainerItemProxy */ = {
			isa = PBXContainerItemProxy;
			containerPortal = AF9E5ADE1A8CF53200CC9BDC /* Project object */;
			proxyType = 1;
			remoteGlobalIDString = AF9E5AE51A8CF53200CC9BDC;
			remoteInfo = "W5D1-MusicPlayer";
		};
/* End PBXContainerItemProxy section */

/* Begin PBXFileReference section */
		AF9E5AE61A8CF53200CC9BDC /* W5D1-MusicPlayer.app */ = {isa = PBXFileReference; explicitFileType = wrapper.application; includeInIndex = 0; path = "W5D1-MusicPlayer.app"; sourceTree = BUILT_PRODUCTS_DIR; };
		AF9E5AEA1A8CF53200CC9BDC /* Info.plist */ = {isa = PBXFileReference; lastKnownFileType = text.plist.xml; path = Info.plist; sourceTree = "<group>"; };
		AF9E5AEB1A8CF53200CC9BDC /* main.m */ = {isa = PBXFileReference; lastKnownFileType = sourcecode.c.objc; path = main.m; sourceTree = "<group>"; };
		AF9E5AED1A8CF53200CC9BDC /* AppDelegate.h */ = {isa = PBXFileReference; lastKnownFileType = sourcecode.c.h; path = AppDelegate.h; sourceTree = "<group>"; };
		AF9E5AEE1A8CF53200CC9BDC /* AppDelegate.m */ = {isa = PBXFileReference; lastKnownFileType = sourcecode.c.objc; path = AppDelegate.m; sourceTree = "<group>"; };
		AF9E5AF01A8CF53200CC9BDC /* MasterViewController.h */ = {isa = PBXFileReference; lastKnownFileType = sourcecode.c.h; path = MasterViewController.h; sourceTree = "<group>"; };
		AF9E5AF11A8CF53200CC9BDC /* MasterViewController.m */ = {isa = PBXFileReference; lastKnownFileType = sourcecode.c.objc; path = MasterViewController.m; sourceTree = "<group>"; };
		AF9E5AF31A8CF53200CC9BDC /* DetailViewController.h */ = {isa = PBXFileReference; lastKnownFileType = sourcecode.c.h; path = DetailViewController.h; sourceTree = "<group>"; };
		AF9E5AF41A8CF53200CC9BDC /* DetailViewController.m */ = {isa = PBXFileReference; lastKnownFileType = sourcecode.c.objc; path = DetailViewController.m; sourceTree = "<group>"; };
		AF9E5AF71A8CF53200CC9BDC /* Base */ = {isa = PBXFileReference; lastKnownFileType = file.storyboard; name = Base; path = Base.lproj/Main.storyboard; sourceTree = "<group>"; };
		AF9E5AF91A8CF53200CC9BDC /* Images.xcassets */ = {isa = PBXFileReference; lastKnownFileType = folder.assetcatalog; path = Images.xcassets; sourceTree = "<group>"; };
		AF9E5AFC1A8CF53200CC9BDC /* Base */ = {isa = PBXFileReference; lastKnownFileType = file.xib; name = Base; path = Base.lproj/LaunchScreen.xib; sourceTree = "<group>"; };
		AF9E5B021A8CF53300CC9BDC /* W5D1-MusicPlayerTests.xctest */ = {isa = PBXFileReference; explicitFileType = wrapper.cfbundle; includeInIndex = 0; path = "W5D1-MusicPlayerTests.xctest"; sourceTree = BUILT_PRODUCTS_DIR; };
		AF9E5B071A8CF53300CC9BDC /* Info.plist */ = {isa = PBXFileReference; lastKnownFileType = text.plist.xml; path = Info.plist; sourceTree = "<group>"; };
		AF9E5B081A8CF53300CC9BDC /* W5D1_MusicPlayerTests.m */ = {isa = PBXFileReference; lastKnownFileType = sourcecode.c.objc; path = W5D1_MusicPlayerTests.m; sourceTree = "<group>"; };
		AF9E5B121A8CF57500CC9BDC /* MediaPlayer.framework */ = {isa = PBXFileReference; lastKnownFileType = wrapper.framework; name = MediaPlayer.framework; path = System/Library/Frameworks/MediaPlayer.framework; sourceTree = SDKROOT; };
		AF9E5B141A8CFEE600CC9BDC /* PlayerViewController.h */ = {isa = PBXFileReference; fileEncoding = 4; lastKnownFileType = sourcecode.c.h; path = PlayerViewController.h; sourceTree = "<group>"; };
		AF9E5B151A8CFEE600CC9BDC /* PlayerViewController.m */ = {isa = PBXFileReference; fileEncoding = 4; lastKnownFileType = sourcecode.c.objc; path = PlayerViewController.m; sourceTree = "<group>"; };
		AF9E5B171A8CFF3D00CC9BDC /* AVKit.framework */ = {isa = PBXFileReference; lastKnownFileType = wrapper.framework; name = AVKit.framework; path = System/Library/Frameworks/AVKit.framework; sourceTree = SDKROOT; };
/* End PBXFileReference section */

/* Begin PBXFrameworksBuildPhase section */
		AF9E5AE31A8CF53200CC9BDC /* Frameworks */ = {
			isa = PBXFrameworksBuildPhase;
			buildActionMask = 2147483647;
			files = (
				AF9E5B181A8CFF3D00CC9BDC /* AVKit.framework in Frameworks */,
				AF9E5B131A8CF57500CC9BDC /* MediaPlayer.framework in Frameworks */,
			);
			runOnlyForDeploymentPostprocessing = 0;
		};
		AF9E5AFF1A8CF53300CC9BDC /* Frameworks */ = {
			isa = PBXFrameworksBuildPhase;
			buildActionMask = 2147483647;
			files = (
			);
			runOnlyForDeploymentPostprocessing = 0;
		};
/* End PBXFrameworksBuildPhase section */

/* Begin PBXGroup section */
		AF9E5ADD1A8CF53200CC9BDC = {
			isa = PBXGroup;
			children = (
				AF9E5B171A8CFF3D00CC9BDC /* AVKit.framework */,
				AF9E5B121A8CF57500CC9BDC /* MediaPlayer.framework */,
				AF9E5AE81A8CF53200CC9BDC /* W5D1-MusicPlayer */,
				AF9E5B051A8CF53300CC9BDC /* W5D1-MusicPlayerTests */,
				AF9E5AE71A8CF53200CC9BDC /* Products */,
			);
			sourceTree = "<group>";
		};
		AF9E5AE71A8CF53200CC9BDC /* Products */ = {
			isa = PBXGroup;
			children = (
				AF9E5AE61A8CF53200CC9BDC /* W5D1-MusicPlayer.app */,
				AF9E5B021A8CF53300CC9BDC /* W5D1-MusicPlayerTests.xctest */,
			);
			name = Products;
			sourceTree = "<group>";
		};
		AF9E5AE81A8CF53200CC9BDC /* W5D1-MusicPlayer */ = {
			isa = PBXGroup;
			children = (
				AF9E5AED1A8CF53200CC9BDC /* AppDelegate.h */,
				AF9E5AEE1A8CF53200CC9BDC /* AppDelegate.m */,
				AF9E5AF01A8CF53200CC9BDC /* MasterViewController.h */,
				AF9E5AF11A8CF53200CC9BDC /* MasterViewController.m */,
				AF9E5B141A8CFEE600CC9BDC /* PlayerViewController.h */,
				AF9E5B151A8CFEE600CC9BDC /* PlayerViewController.m */,
				AF9E5AF31A8CF53200CC9BDC /* DetailViewController.h */,
				AF9E5AF41A8CF53200CC9BDC /* DetailViewController.m */,
				AF9E5AF61A8CF53200CC9BDC /* Main.storyboard */,
				AF9E5AF91A8CF53200CC9BDC /* Images.xcassets */,
				AF9E5AFB1A8CF53200CC9BDC /* LaunchScreen.xib */,
				AF9E5AE91A8CF53200CC9BDC /* Supporting Files */,
			);
			path = "W5D1-MusicPlayer";
			sourceTree = "<group>";
		};
		AF9E5AE91A8CF53200CC9BDC /* Supporting Files */ = {
			isa = PBXGroup;
			children = (
				AF9E5AEA1A8CF53200CC9BDC /* Info.plist */,
				AF9E5AEB1A8CF53200CC9BDC /* main.m */,
			);
			name = "Supporting Files";
			sourceTree = "<group>";
		};
		AF9E5B051A8CF53300CC9BDC /* W5D1-MusicPlayerTests */ = {
			isa = PBXGroup;
			children = (
				AF9E5B081A8CF53300CC9BDC /* W5D1_MusicPlayerTests.m */,
				AF9E5B061A8CF53300CC9BDC /* Supporting Files */,
			);
			path = "W5D1-MusicPlayerTests";
			sourceTree = "<group>";
		};
		AF9E5B061A8CF53300CC9BDC /* Supporting Files */ = {
			isa = PBXGroup;
			children = (
				AF9E5B071A8CF53300CC9BDC /* Info.plist */,
			);
			name = "Supporting Files";
			sourceTree = "<group>";
		};
/* End PBXGroup section */

/* Begin PBXNativeTarget section */
		AF9E5AE51A8CF53200CC9BDC /* W5D1-MusicPlayer */ = {
			isa = PBXNativeTarget;
			buildConfigurationList = AF9E5B0C1A8CF53300CC9BDC /* Build configuration list for PBXNativeTarget "W5D1-MusicPlayer" */;
			buildPhases = (
				AF9E5AE21A8CF53200CC9BDC /* Sources */,
				AF9E5AE31A8CF53200CC9BDC /* Frameworks */,
				AF9E5AE41A8CF53200CC9BDC /* Resources */,
			);
			buildRules = (
			);
			dependencies = (
			);
			name = "W5D1-MusicPlayer";
			productName = "W5D1-MusicPlayer";
			productReference = AF9E5AE61A8CF53200CC9BDC /* W5D1-MusicPlayer.app */;
			productType = "com.apple.product-type.application";
		};
		AF9E5B011A8CF53300CC9BDC /* W5D1-MusicPlayerTests */ = {
			isa = PBXNativeTarget;
			buildConfigurationList = AF9E5B0F1A8CF53300CC9BDC /* Build configuration list for PBXNativeTarget "W5D1-MusicPlayerTests" */;
			buildPhases = (
				AF9E5AFE1A8CF53300CC9BDC /* Sources */,
				AF9E5AFF1A8CF53300CC9BDC /* Frameworks */,
				AF9E5B001A8CF53300CC9BDC /* Resources */,
			);
			buildRules = (
			);
			dependencies = (
				AF9E5B041A8CF53300CC9BDC /* PBXTargetDependency */,
			);
			name = "W5D1-MusicPlayerTests";
			productName = "W5D1-MusicPlayerTests";
			productReference = AF9E5B021A8CF53300CC9BDC /* W5D1-MusicPlayerTests.xctest */;
			productType = "com.apple.product-type.bundle.unit-test";
		};
/* End PBXNativeTarget section */

/* Begin PBXProject section */
		AF9E5ADE1A8CF53200CC9BDC /* Project object */ = {
			isa = PBXProject;
			attributes = {
				LastUpgradeCheck = 0610;
				ORGANIZATIONNAME = "com.lighthouse-labs";
				TargetAttributes = {
					AF9E5AE51A8CF53200CC9BDC = {
						CreatedOnToolsVersion = 6.1.1;
					};
					AF9E5B011A8CF53300CC9BDC = {
						CreatedOnToolsVersion = 6.1.1;
						TestTargetID = AF9E5AE51A8CF53200CC9BDC;
					};
				};
			};
			buildConfigurationList = AF9E5AE11A8CF53200CC9BDC /* Build configuration list for PBXProject "W5D1-MusicPlayer" */;
			compatibilityVersion = "Xcode 3.2";
			developmentRegion = English;
			hasScannedForEncodings = 0;
			knownRegions = (
				en,
				Base,
			);
			mainGroup = AF9E5ADD1A8CF53200CC9BDC;
			productRefGroup = AF9E5AE71A8CF53200CC9BDC /* Products */;
			projectDirPath = "";
			projectRoot = "";
			targets = (
				AF9E5AE51A8CF53200CC9BDC /* W5D1-MusicPlayer */,
				AF9E5B011A8CF53300CC9BDC /* W5D1-MusicPlayerTests */,
			);
		};
/* End PBXProject section */

/* Begin PBXResourcesBuildPhase section */
		AF9E5AE41A8CF53200CC9BDC /* Resources */ = {
			isa = PBXResourcesBuildPhase;
			buildActionMask = 2147483647;
			files = (
				AF9E5AF81A8CF53200CC9BDC /* Main.storyboard in Resources */,
				AF9E5AFD1A8CF53200CC9BDC /* LaunchScreen.xib in Resources */,
				AF9E5AFA1A8CF53200CC9BDC /* Images.xcassets in Resources */,
			);
			runOnlyForDeploymentPostprocessing = 0;
		};
		AF9E5B001A8CF53300CC9BDC /* Resources */ = {
			isa = PBXResourcesBuildPhase;
			buildActionMask = 2147483647;
			files = (
			);
			runOnlyForDeploymentPostprocessing = 0;
		};
/* End PBXResourcesBuildPhase section */

/* Begin PBXSourcesBuildPhase section */
		AF9E5AE21A8CF53200CC9BDC /* Sources */ = {
			isa = PBXSourcesBuildPhase;
			buildActionMask = 2147483647;
			files = (
				AF9E5AEF1A8CF53200CC9BDC /* AppDelegate.m in Sources */,
				AF9E5AF21A8CF53200CC9BDC /* MasterViewController.m in Sources */,
				AF9E5AEC1A8CF53200CC9BDC /* main.m in Sources */,
				AF9E5AF51A8CF53200CC9BDC /* DetailViewController.m in Sources */,
				AF9E5B161A8CFEE600CC9BDC /* PlayerViewController.m in Sources */,
			);
			runOnlyForDeploymentPostprocessing = 0;
		};
		AF9E5AFE1A8CF53300CC9BDC /* Sources */ = {
			isa = PBXSourcesBuildPhase;
			buildActionMask = 2147483647;
			files = (
				AF9E5B091A8CF53300CC9BDC /* W5D1_MusicPlayerTests.m in Sources */,
			);
			runOnlyForDeploymentPostprocessing = 0;
		};
/* End PBXSourcesBuildPhase section */

/* Begin PBXTargetDependency section */
		AF9E5B041A8CF53300CC9BDC /* PBXTargetDependency */ = {
			isa = PBXTargetDependency;
			target = AF9E5AE51A8CF53200CC9BDC /* W5D1-MusicPlayer */;
			targetProxy = AF9E5B031A8CF53300CC9BDC /* PBXContainerItemProxy */;
		};
/* End PBXTargetDependency section */

/* Begin PBXVariantGroup section */
		AF9E5AF61A8CF53200CC9BDC /* Main.storyboard */ = {
			isa = PBXVariantGroup;
			children = (
				AF9E5AF71A8CF53200CC9BDC /* Base */,
			);
			name = Main.storyboard;
			sourceTree = "<group>";
		};
		AF9E5AFB1A8CF53200CC9BDC /* LaunchScreen.xib */ = {
			isa = PBXVariantGroup;
			children = (
				AF9E5AFC1A8CF53200CC9BDC /* Base */,
			);
			name = LaunchScreen.xib;
			sourceTree = "<group>";
		};
/* End PBXVariantGroup section */

/* Begin XCBuildConfiguration section */
		AF9E5B0A1A8CF53300CC9BDC /* Debug */ = {
			isa = XCBuildConfiguration;
			buildSettings = {
				ALWAYS_SEARCH_USER_PATHS = NO;
				CLANG_CXX_LANGUAGE_STANDARD = "gnu++0x";
				CLANG_CXX_LIBRARY = "libc++";
				CLANG_ENABLE_MODULES = YES;
				CLANG_ENABLE_OBJC_ARC = YES;
				CLANG_WARN_BOOL_CONVERSION = YES;
				CLANG_WARN_CONSTANT_CONVERSION = YES;
				CLANG_WARN_DIRECT_OBJC_ISA_USAGE = YES_ERROR;
				CLANG_WARN_EMPTY_BODY = YES;
				CLANG_WARN_ENUM_CONVERSION = YES;
				CLANG_WARN_INT_CONVERSION = YES;
				CLANG_WARN_OBJC_ROOT_CLASS = YES_ERROR;
				CLANG_WARN_UNREACHABLE_CODE = YES;
				CLANG_WARN__DUPLICATE_METHOD_MATCH = YES;
				"CODE_SIGN_IDENTITY[sdk=iphoneos*]" = "iPhone Developer";
				COPY_PHASE_STRIP = NO;
				ENABLE_STRICT_OBJC_MSGSEND = YES;
				GCC_C_LANGUAGE_STANDARD = gnu99;
				GCC_DYNAMIC_NO_PIC = NO;
				GCC_OPTIMIZATION_LEVEL = 0;
				GCC_PREPROCESSOR_DEFINITIONS = (
					"DEBUG=1",
					"$(inherited)",
				);
				GCC_SYMBOLS_PRIVATE_EXTERN = NO;
				GCC_WARN_64_TO_32_BIT_CONVERSION = YES;
				GCC_WARN_ABOUT_RETURN_TYPE = YES_ERROR;
				GCC_WARN_UNDECLARED_SELECTOR = YES;
				GCC_WARN_UNINITIALIZED_AUTOS = YES_AGGRESSIVE;
				GCC_WARN_UNUSED_FUNCTION = YES;
				GCC_WARN_UNUSED_VARIABLE = YES;
				IPHONEOS_DEPLOYMENT_TARGET = 8.1;
				MTL_ENABLE_DEBUG_INFO = YES;
				ONLY_ACTIVE_ARCH = YES;
				SDKROOT = iphoneos;
			};
			name = Debug;
		};
		AF9E5B0B1A8CF53300CC9BDC /* Release */ = {
			isa = XCBuildConfiguration;
			buildSettings = {
				ALWAYS_SEARCH_USER_PATHS = NO;
				CLANG_CXX_LANGUAGE_STANDARD = "gnu++0x";
				CLANG_CXX_LIBRARY = "libc++";
				CLANG_ENABLE_MODULES = YES;
				CLANG_ENABLE_OBJC_ARC = YES;
				CLANG_WARN_BOOL_CONVERSION = YES;
				CLANG_WARN_CONSTANT_CONVERSION = YES;
				CLANG_WARN_DIRECT_OBJC_ISA_USAGE = YES_ERROR;
				CLANG_WARN_EMPTY_BODY = YES;
				CLANG_WARN_ENUM_CONVERSION = YES;
				CLANG_WARN_INT_CONVERSION = YES;
				CLANG_WARN_OBJC_ROOT_CLASS = YES_ERROR;
				CLANG_WARN_UNREACHABLE_CODE = YES;
				CLANG_WARN__DUPLICATE_METHOD_MATCH = YES;
				"CODE_SIGN_IDENTITY[sdk=iphoneos*]" = "iPhone Developer";
				COPY_PHASE_STRIP = YES;
				ENABLE_NS_ASSERTIONS = NO;
				ENABLE_STRICT_OBJC_MSGSEND = YES;
				GCC_C_LANGUAGE_STANDARD = gnu99;
				GCC_WARN_64_TO_32_BIT_CONVERSION = YES;
				GCC_WARN_ABOUT_RETURN_TYPE = YES_ERROR;
				GCC_WARN_UNDECLARED_SELECTOR = YES;
				GCC_WARN_UNINITIALIZED_AUTOS = YES_AGGRESSIVE;
				GCC_WARN_UNUSED_FUNCTION = YES;
				GCC_WARN_UNUSED_VARIABLE = YES;
				IPHONEOS_DEPLOYMENT_TARGET = 8.1;
				MTL_ENABLE_DEBUG_INFO = NO;
				SDKROOT = iphoneos;
				VALIDATE_PRODUCT = YES;
			};
			name = Release;
		};
		AF9E5B0D1A8CF53300CC9BDC /* Debug */ = {
			isa = XCBuildConfiguration;
			buildSettings = {
				ASSETCATALOG_COMPILER_APPICON_NAME = AppIcon;
				INFOPLIST_FILE = "W5D1-MusicPlayer/Info.plist";
				LD_RUNPATH_SEARCH_PATHS = "$(inherited) @executable_path/Frameworks";
				PRODUCT_NAME = "$(TARGET_NAME)";
			};
			name = Debug;
		};
		AF9E5B0E1A8CF53300CC9BDC /* Release */ = {
			isa = XCBuildConfiguration;
			buildSettings = {
				ASSETCATALOG_COMPILER_APPICON_NAME = AppIcon;
				INFOPLIST_FILE = "W5D1-MusicPlayer/Info.plist";
				LD_RUNPATH_SEARCH_PATHS = "$(inherited) @executable_path/Frameworks";
				PRODUCT_NAME = "$(TARGET_NAME)";
			};
			name = Release;
		};
		AF9E5B101A8CF53300CC9BDC /* Debug */ = {
			isa = XCBuildConfiguration;
			buildSettings = {
				BUNDLE_LOADER = "$(TEST_HOST)";
				FRAMEWORK_SEARCH_PATHS = (
					"$(SDKROOT)/Developer/Library/Frameworks",
					"$(inherited)",
				);
				GCC_PREPROCESSOR_DEFINITIONS = (
					"DEBUG=1",
					"$(inherited)",
				);
				INFOPLIST_FILE = "W5D1-MusicPlayerTests/Info.plist";
				LD_RUNPATH_SEARCH_PATHS = "$(inherited) @executable_path/Frameworks @loader_path/Frameworks";
				PRODUCT_NAME = "$(TARGET_NAME)";
				TEST_HOST = "$(BUILT_PRODUCTS_DIR)/W5D1-MusicPlayer.app/W5D1-MusicPlayer";
			};
			name = Debug;
		};
		AF9E5B111A8CF53300CC9BDC /* Release */ = {
			isa = XCBuildConfiguration;
			buildSettings = {
				BUNDLE_LOADER = "$(TEST_HOST)";
				FRAMEWORK_SEARCH_PATHS = (
					"$(SDKROOT)/Developer/Library/Frameworks",
					"$(inherited)",
				);
				INFOPLIST_FILE = "W5D1-MusicPlayerTests/Info.plist";
				LD_RUNPATH_SEARCH_PATHS = "$(inherited) @executable_path/Frameworks @loader_path/Frameworks";
				PRODUCT_NAME = "$(TARGET_NAME)";
				TEST_HOST = "$(BUILT_PRODUCTS_DIR)/W5D1-MusicPlayer.app/W5D1-MusicPlayer";
			};
			name = Release;
		};
/* End XCBuildConfiguration section */

/* Begin XCConfigurationList section */
		AF9E5AE11A8CF53200CC9BDC /* Build configuration list for PBXProject "W5D1-MusicPlayer" */ = {
			isa = XCConfigurationList;
			buildConfigurations = (
				AF9E5B0A1A8CF53300CC9BDC /* Debug */,
				AF9E5B0B1A8CF53300CC9BDC /* Release */,
			);
			defaultConfigurationIsVisible = 0;
			defaultConfigurationName = Release;
		};
		AF9E5B0C1A8CF53300CC9BDC /* Build configuration list for PBXNativeTarget "W5D1-MusicPlayer" */ = {
			isa = XCConfigurationList;
			buildConfigurations = (
				AF9E5B0D1A8CF53300CC9BDC /* Debug */,
				AF9E5B0E1A8CF53300CC9BDC /* Release */,
			);
			defaultConfigurationIsVisible = 0;
		};
		AF9E5B0F1A8CF53300CC9BDC /* Build configuration list for PBXNativeTarget "W5D1-MusicPlayerTests" */ = {
			isa = XCConfigurationList;
			buildConfigurations = (
				AF9E5B101A8CF53300CC9BDC /* Debug */,
				AF9E5B111A8CF53300CC9BDC /* Release */,
			);
			defaultConfigurationIsVisible = 0;
		};
/* End XCConfigurationList section */
	};
	rootObject = AF9E5ADE1A8CF53200CC9BDC /* Project object */;
}
